<Solution>
  <Project Path="ConfluentTutorialConsumer/ConfluentTutorialConsumer.csproj" Id="675fa88d-b71c-4fe4-adb0-53fb4ca0becd" />
  <Project Path="ConfluentTutorialProducer/ConfluentTutorialProducer.csproj" Id="39478f75-4ed2-412a-8b04-142374aeba05" />
  <Project Path="KafkaTutorial/KafkaTutorial.csproj" />
</Solution>
